# This file is automatically @generated by Cargo.
# It is not intended for manual editing.
version = 3

[[package]]
name = "refinement"
version = "0.5.0"
source = "registry+https://github.com/rust-lang/crates.io-index"
checksum = "41c1f648652916ca373423bde65c39208b194d83b0d25936b619b21b11958506"

[[package]]
name = "soundry"
version = "0.1.0"
dependencies = [
 "refinement",
]
